
Microsoft Visual Studio Solution File, Format Version 12.00
# Visual Studio Version 17
VisualStudioVersion = 17.8.34309.116
MinimumVisualStudioVersion = 10.0.40219.1
Project("{9A19103F-16F7-4668-BE54-9A1E7A4F7556}") = "CarAPI", "CarAPI\CarAPI.csproj", "{D1083276-3374-443D-A559-D1D02164DA6D}"
EndProject
Project("{FAE04EC0-301F-11D3-BF4B-00C04F79EFBC}") = "FoodAPI", "FoodAPI\FoodAPI.csproj", "{5577E630-E190-4097-8A53-5D2A140BD842}"
EndProject
Global
	GlobalSection(SolutionConfigurationPlatforms) = preSolution
		Debug|Any CPU = Debug|Any CPU
		Release|Any CPU = Release|Any CPU
	EndGlobalSection
	GlobalSection(ProjectConfigurationPlatforms) = postSolution
		{D1083276-3374-443D-A559-D1D02164DA6D}.Debug|Any CPU.ActiveCfg = Debug|Any CPU
		{D1083276-3374-443D-A559-D1D02164DA6D}.Debug|Any CPU.Build.0 = Debug|Any CPU
		{D1083276-3374-443D-A559-D1D02164DA6D}.Release|Any CPU.ActiveCfg = Release|Any CPU
		{D1083276-3374-443D-A559-D1D02164DA6D}.Release|Any CPU.Build.0 = Release|Any CPU
		{5577E630-E190-4097-8A53-5D2A140BD842}.Debug|Any CPU.ActiveCfg = Debug|Any CPU
		{5577E630-E190-4097-8A53-5D2A140BD842}.Debug|Any CPU.Build.0 = Debug|Any CPU
		{5577E630-E190-4097-8A53-5D2A140BD842}.Release|Any CPU.ActiveCfg = Release|Any CPU
		{5577E630-E190-4097-8A53-5D2A140BD842}.Release|Any CPU.Build.0 = Release|Any CPU
	EndGlobalSection
	GlobalSection(SolutionProperties) = preSolution
		HideSolutionNode = FALSE
	EndGlobalSection
	GlobalSection(ExtensibilityGlobals) = postSolution
		SolutionGuid = {E1380901-ACDE-4101-A8AE-0DF4BE7BC200}
	EndGlobalSection
EndGlobal
